{
    "version": "0.5",
    "requires": [
        "zstd/1.5.5#1f239731dc45147c7fc2f54bfbde73df%1715599909.17",
        "zlib/1.3.1#f52e03ae3d251dec704634230cd806a2%1708593606.497",
        "xz_utils/5.4.5#b885d1d79c9d30cff3803f7f551dbe66%1724318972.064",
        "xsimd/7.4.10#624469263355e2c5bd768186ac43c422%1729506959.9493728",
        "toolwindowmanager/1.0.0#b2e8d6583f50c916e72523ec86bbc089%1729506960.647364",
        "sqlite3/3.46.1#3af96a6e95bb5a1c183ca6ead71592cc%1723564969.643",
        "readosm/1.1.0a#0fcd97fd5d7d873dd689d888a14908bc%1713422372.792",
        "qt/5.15.14#8e99c640555798c4c2b5dedfcff7c394%1723231910.592",
        "pybind11/2.13.6#7d301b76bc1a308a51b506dd2de145b0%1726323843.134",
        "px_sched/1.0.0#852b30aea747cb2b48461e287935753e%1729506957.7810924",
        "pcre2/10.42#576680686b88a4dadf6d382d6d6351d9%1719089281.966",
        "openssl/3.3.2#9f9f130d58e7c13e76bb8a559f0a6a8b%1726234629.657",
        "openscenegraph-mr/3.7.0",
        "opengl/system#4df6fecde4084386beded3ed0e56e4ea%1709801735.507",
        "nlohmann_json/3.10.5#1ebcf334c3f52d96e057d5aba398c491%1700513003.127",
        "mufft/1.0.0#83132259dbe3f9aacd177eada7575636%1729506959.2681437",
        "md4c/0.4.8#9b5da52e0c0b803bb0d1a4b9fdfe10b1%1716567893.063",
        "libwebp/1.3.2#52f69c4a31c5cf033fdd9230d77a8e38%1694806992.059",
        "libtiff/4.6.0#51d0e7e15d032aeec1b64e65c44ecd9f%1710002558.618",
        "libpq/15.4#a3354d556287c3d091c9f4d578b66ec8%1722260494.441",
        "libpng/1.6.42#df487b07ca898d97bf3fad8988639c67%1726517436.077",
        "libjpeg/9e#3cd27a78643419450ee6d3739514d25c%1717248355.892",
        "libdeflate/1.19#3ea74a4549efc14d4b1202dc4bfbf602%1694914376.803",
        "libcurl/8.10.1#a3113369c86086b0e84231844e7ed0a9%1726826278.501",
        "jbig/20160605#2d29fa02aacd76902e0d2cbbc24631ef%1676066289.194",
        "glm/0.9.9.8#066beab93048a0dc791188715074be42%1713951421.694",
        "giflib/5.2.1#40245212d3adda9d502692704b0b35ab%1711967006.31",
        "getopt-for-visual-studio/20200201#32ee360e2552fe65ad8bec52edcd64fd%1678877536.186",
        "freetype/2.13.2#7934d59c447d72edcd56025dc60e1aeb%1714137854.529",
        "expat/2.6.3#39b80d3109fbe578fddfe4951f0b1d57%1725469045.298",
        "earcut/2.2.3#0b6deacd0d4495dbdce3352a66a4a077%1701200290.674",
        "double-conversion/3.3.0#33321c201741cc32b51169c6d2d05e60%1684478632.238",
        "cxxtimer/1.0.0#cf8684ba9e1daa63a95cc8fd3e14d6b3%1729506957.092688",
        "cpp-httplib/0.10.1#5078af8ecb0001ebdc8c799d38ac9b16%1667404838.294",
        "catch2/2.13.8#ac821c6881627aece6c7063bd5aa73ea%1678135819.032",
        "bzip2/1.0.8#d00dac990f08d991998d624be81a9526%1724661266.998",
        "brotli/1.1.0#d56d7bb9ca722942aba17369cb5c0519%1696161049.808",
        "boost/1.75.0#66ad931d826c4df888662edd10b8dad0%1724657630.237"
    ],
    "build_requires": [
        "strawberryperl/5.32.1.1#707032463aa0620fa17ec0d887f5fe41%1716912583.131",
        "pkgconf/2.1.0#27f44583701117b571307cf5b5fe5605%1701537936.436",
        "ninja/1.12.1#fd583651bf0c6a901943495d49878803%1724079877.609",
        "nasm/2.16.01#d0aebbd20ccbb6ad9c9c753ab708098c%1703986473.394",
        "meson/1.3.2#26ce8a76a36cc275cdfee1d757bc6561%1726730118.251",
        "meson/1.2.2#21b73818ba96d9eea465b310b5bbc993%1726730120.212",
        "jom/1.1.3#88c83718bcf06946b63cd20bde995e92%1711192287.032",
        "cmake/3.30.1#6d832cf2d46f6ec969ca5ed5b41f91eb%1721643748.186",
        "b2/5.2.1#91bc73931a0acb655947a81569ed8b80%1718416612.241"
    ],
    "python_requires": [],
    "config_requires": []
}