{
    "version": "0.5",
    "requires": [
        "zlib/1.3.1#cac0f6daea041b0ccf42934163defb20%1765284699.337",
        "xz_utils/5.8.1#0c67d0683aca2f1ca69a17730a65a1e7%1764347087.521",
        "xsimd/7.4.10#624469263355e2c5bd768186ac43c422%1769839608.9188128",
        "sqlite3/3.51.0#66aa11eabd0e34954c5c1c061ad44abe%1763899256.358",
        "skybolt-widgets/1.0.0",
        "skybolt-reflect/1.0.0",
        "readosm/1.1.0a#0fcd97fd5d7d873dd689d888a14908bc%1713422372.792",
        "qt/6.10.1#252af807067410b4c6555ace8107704f%1767716872.824",
        "pybind11/2.13.6#42746850cd4c68d1b1ea42de456c2182%1755673714.548",
        "px_sched/1.0.0#852b30aea747cb2b48461e287935753e%1769839607.6133146",
        "pcre2/10.42#9a35f5089feb875ec61a38eca364ce77%1743524593.693",
        "openssl/3.6.0#89e8af1d4a21afcac0557079d23d8890%1759746682.365",
        "openscenegraph-mr/3.7.0#a46264dfc9e63cf91e1702961880829c%1769839607.9665906",
        "opengl/system#cfcf523b9d2bad75cbf377f56562634c%1762526044.744",
        "nlohmann_json/3.10.5#1ebcf334c3f52d96e057d5aba398c491%1700513003.127",
        "mufft/1.0.0#83132259dbe3f9aacd177eada7575636%1769839608.6077113",
        "md4c/0.5.2#3d7106721e458f9f799b87d4d50d02e0%1746796758.933",
        "libtiff/4.6.0#b3fb32a80480ba4d4d9a71dd310ead02%1759735986.203",
        "libpng/1.6.54#b3ee4845d09981511d04205c52d78de1%1768574561.963",
        "libjpeg/9e#ebca87d1efc798db99cc9bbe2297679a%1723665906.622",
        "libiconv/1.17#1e65319e945f2d31941a9d28cc13c058%1751451666.321",
        "libgettext/0.22#b09eea019e19b9b9c46d8f1da7d75444%1765809130.834",
        "libffi/3.4.8#a045c00fb26779635e3bed40e80c5254%1753360042.396",
        "libcurl/8.17.0#5f7b5b769dc3468ce693048cd8d7dd64%1764325761.224",
        "harfbuzz/12.3.0#a5fef061896cd5c30e9a17c9d7920ad1%1768584500.506",
        "glm/0.9.9.8#066beab93048a0dc791188715074be42%1713951421.694",
        "glib/2.85.3#2fef4f1c3f92c9eaf077ccd54b9404a3%1755678176.882",
        "giflib/5.2.1#b2e383cdaf6dbd727ebfa15c66ea38b3%1731663930.381",
        "getopt-for-visual-studio/20200201#32ee360e2552fe65ad8bec52edcd64fd%1678877536.186",
        "freetype/2.13.2#18656f7a6d52256a930f1cbd79f1509d%1756828316.696",
        "expat/2.7.3#f529802a90f0758a01f498a18f8c657b%1759399780.465",
        "earcut/2.2.3#0b6deacd0d4495dbdce3352a66a4a077%1701200290.674",
        "double-conversion/3.3.0#6ad026cf92c316c476919f7f152072d7%1744043471.91",
        "cxxtimer/1.0.0#cf8684ba9e1daa63a95cc8fd3e14d6b3%1769839607.29329",
        "cpp-httplib/0.10.1#5078af8ecb0001ebdc8c799d38ac9b16%1667404838.294",
        "catch2/2.13.8#ac821c6881627aece6c7063bd5aa73ea%1678135819.032",
        "bzip2/1.0.8#c470882369c2d95c5c77e970c0c7e321%1762886692.465",
        "bullet3/3.22a#9460d4f515e601aa6e381fc5f4bf2f39%1749628864.388",
        "brotli/1.1.0#3f631ef77008f7b5eb388780116371a3%1764862343.045",
        "boost/1.84.0#2685bfd45de3c958f9071635ab78189e%1765955107.97"
    ],
    "build_requires": [
        "zlib/1.3.1#cac0f6daea041b0ccf42934163defb20%1765284699.337",
        "strawberryperl/5.32.1.1#8d114504d172cfea8ea1662d09b6333e%1751971032.423",
        "pkgconf/2.5.1#93c2051284cba1279494a43a4fcfeae2%1757684701.089",
        "pcre2/10.42#9a35f5089feb875ec61a38eca364ce77%1743524593.693",
        "ninja/1.13.2#c8c5dc2a52ed6e4e42a66d75b4717ceb%1764096931.974",
        "nasm/2.16.01#31e26f2ee3c4346ecd347911bd126904%1745483323.489",
        "msys2/cci.latest#1996656c3c98e5765b25b60ff5cf77b4%1764840888.758",
        "meson/1.10.0#60786758ea978964c24525de19603cf4%1768294926.103",
        "m4/1.4.19#b38ced39a01e31fef5435bc634461fd2%1700758725.451",
        "libiconv/1.17#1e65319e945f2d31941a9d28cc13c058%1751451666.321",
        "libgettext/0.22#b09eea019e19b9b9c46d8f1da7d75444%1765809130.834",
        "libffi/3.4.8#a045c00fb26779635e3bed40e80c5254%1753360042.396",
        "glib/2.85.3#2fef4f1c3f92c9eaf077ccd54b9404a3%1755678176.882",
        "cmake/3.31.10#313d16a1aa16bbdb2ca0792467214b76%1763665505.054",
        "bzip2/1.0.8#c470882369c2d95c5c77e970c0c7e321%1762886692.465",
        "b2/5.4.2#ffd6084a119587e70f11cd45d1a386e2%1766594659.866",
        "automake/1.16.5#b91b7c384c3deaa9d535be02da14d04f%1755524470.56",
        "autoconf/2.71#51077f068e61700d65bb05541ea1e4b0%1731054366.86"
    ],
    "python_requires": [],
    "config_requires": []
}
